// !$*UTF8*$!
{
	archiveVersion = 1;
	classes = {
	};
	objectVersion = 46;
	objects = {

/* Begin PBXBuildFile section */
		9B0F1D3C1F76BC97001FAB19 /* cerf.png in Resources */ = {isa = PBXBuildFile; fileRef = 9B0F1D361F76BC97001FAB19 /* cerf.png */; };
		9B0F1D3D1F76BC97001FAB19 /* eccureil.png in Resources */ = {isa = PBXBuildFile; fileRef = 9B0F1D371F76BC97001FAB19 /* eccureil.png */; };
		9B0F1D3E1F76BC97001FAB19 /* hibou.png in Resources */ = {isa = PBXBuildFile; fileRef = 9B0F1D381F76BC97001FAB19 /* hibou.png */; };
		9B0F1D3F1F76BC97001FAB19 /* ours.png in Resources */ = {isa = PBXBuildFile; fileRef = 9B0F1D391F76BC97001FAB19 /* ours.png */; };
		9B0F1D401F76BC97001FAB19 /* raton laveur.png in Resources */ = {isa = PBXBuildFile; fileRef = 9B0F1D3A1F76BC97001FAB19 /* raton laveur.png */; };
		9B0F1D411F76BC97001FAB19 /* renard.png in Resources */ = {isa = PBXBuildFile; fileRef = 9B0F1D3B1F76BC97001FAB19 /* renard.png */; };
		9B0F1D471F76D980001FAB19 /* animaux_forest.png in Resources */ = {isa = PBXBuildFile; fileRef = 9B0F1D461F76D980001FAB19 /* animaux_forest.png */; };
		9B6D2F041F801A22002ADE60 /* background1.png in Resources */ = {isa = PBXBuildFile; fileRef = 9B6D2F001F801A22002ADE60 /* background1.png */; };
		9B6D2F051F801A22002ADE60 /* background2.png in Resources */ = {isa = PBXBuildFile; fileRef = 9B6D2F011F801A22002ADE60 /* background2.png */; };
		9B6D2F061F801A22002ADE60 /* background3.png in Resources */ = {isa = PBXBuildFile; fileRef = 9B6D2F021F801A22002ADE60 /* background3.png */; };
		9B6D2F071F801A22002ADE60 /* background4.png in Resources */ = {isa = PBXBuildFile; fileRef = 9B6D2F031F801A22002ADE60 /* background4.png */; };
		9B6D2F091F82CA08002ADE60 /* logo.png in Resources */ = {isa = PBXBuildFile; fileRef = 9B6D2F081F82CA08002ADE60 /* logo.png */; };
		9B6D93251F748D6700CAECE7 /* AppDelegate.swift in Sources */ = {isa = PBXBuildFile; fileRef = 9B6D93241F748D6700CAECE7 /* AppDelegate.swift */; };
		9B6D93271F748D6700CAECE7 /* ViewController.swift in Sources */ = {isa = PBXBuildFile; fileRef = 9B6D93261F748D6700CAECE7 /* ViewController.swift */; };
		9B6D932A1F748D6700CAECE7 /* Main.storyboard in Resources */ = {isa = PBXBuildFile; fileRef = 9B6D93281F748D6700CAECE7 /* Main.storyboard */; };
		9B6D932C1F748D6700CAECE7 /* Assets.xcassets in Resources */ = {isa = PBXBuildFile; fileRef = 9B6D932B1F748D6700CAECE7 /* Assets.xcassets */; };
		9B6D932F1F748D6700CAECE7 /* LaunchScreen.storyboard in Resources */ = {isa = PBXBuildFile; fileRef = 9B6D932D1F748D6700CAECE7 /* LaunchScreen.storyboard */; };
		9B6D933A1F748F4100CAECE7 /* front.png in Resources */ = {isa = PBXBuildFile; fileRef = 9B6D93371F748F4100CAECE7 /* front.png */; };
		9B6D933B1F748F4100CAECE7 /* panda.png in Resources */ = {isa = PBXBuildFile; fileRef = 9B6D93381F748F4100CAECE7 /* panda.png */; };
		9B6D933C1F748F4100CAECE7 /* penguin.png in Resources */ = {isa = PBXBuildFile; fileRef = 9B6D93391F748F4100CAECE7 /* penguin.png */; };
		9B6F442F1F7D61C400126194 /* icon_recommencer.png in Resources */ = {isa = PBXBuildFile; fileRef = 9B6F442E1F7D61C400126194 /* icon_recommencer.png */; };
/* End PBXBuildFile section */

/* Begin PBXFileReference section */
		9B0F1D361F76BC97001FAB19 /* cerf.png */ = {isa = PBXFileReference; lastKnownFileType = image.png; name = cerf.png; path = images/cerf.png; sourceTree = "<group>"; };
		9B0F1D371F76BC97001FAB19 /* eccureil.png */ = {isa = PBXFileReference; lastKnownFileType = image.png; name = eccureil.png; path = images/eccureil.png; sourceTree = "<group>"; };
		9B0F1D381F76BC97001FAB19 /* hibou.png */ = {isa = PBXFileReference; lastKnownFileType = image.png; name = hibou.png; path = images/hibou.png; sourceTree = "<group>"; };
		9B0F1D391F76BC97001FAB19 /* ours.png */ = {isa = PBXFileReference; lastKnownFileType = image.png; name = ours.png; path = images/ours.png; sourceTree = "<group>"; };
		9B0F1D3A1F76BC97001FAB19 /* raton laveur.png */ = {isa = PBXFileReference; lastKnownFileType = image.png; name = "raton laveur.png"; path = "images/raton laveur.png"; sourceTree = "<group>"; };
		9B0F1D3B1F76BC97001FAB19 /* renard.png */ = {isa = PBXFileReference; lastKnownFileType = image.png; name = renard.png; path = images/renard.png; sourceTree = "<group>"; };
		9B0F1D461F76D980001FAB19 /* animaux_forest.png */ = {isa = PBXFileReference; lastKnownFileType = image.png; name = animaux_forest.png; path = images/animaux_forest.png; sourceTree = "<group>"; };
		9B6D2F001F801A22002ADE60 /* background1.png */ = {isa = PBXFileReference; lastKnownFileType = image.png; name = background1.png; path = images/background1.png; sourceTree = "<group>"; };
		9B6D2F011F801A22002ADE60 /* background2.png */ = {isa = PBXFileReference; lastKnownFileType = image.png; name = background2.png; path = images/background2.png; sourceTree = "<group>"; };
		9B6D2F021F801A22002ADE60 /* background3.png */ = {isa = PBXFileReference; lastKnownFileType = image.png; name = background3.png; path = images/background3.png; sourceTree = "<group>"; };
		9B6D2F031F801A22002ADE60 /* background4.png */ = {isa = PBXFileReference; lastKnownFileType = image.png; name = background4.png; path = images/background4.png; sourceTree = "<group>"; };
		9B6D2F081F82CA08002ADE60 /* logo.png */ = {isa = PBXFileReference; lastKnownFileType = image.png; name = logo.png; path = images/logo.png; sourceTree = "<group>"; };
		9B6D93211F748D6700CAECE7 /* LesPetitsAnimaux.app */ = {isa = PBXFileReference; explicitFileType = wrapper.application; includeInIndex = 0; path = LesPetitsAnimaux.app; sourceTree = BUILT_PRODUCTS_DIR; };
		9B6D93241F748D6700CAECE7 /* AppDelegate.swift */ = {isa = PBXFileReference; lastKnownFileType = sourcecode.swift; path = AppDelegate.swift; sourceTree = "<group>"; };
		9B6D93261F748D6700CAECE7 /* ViewController.swift */ = {isa = PBXFileReference; lastKnownFileType = sourcecode.swift; path = ViewController.swift; sourceTree = "<group>"; };
		9B6D93291F748D6700CAECE7 /* Base */ = {isa = PBXFileReference; lastKnownFileType = file.storyboard; name = Base; path = Base.lproj/Main.storyboard; sourceTree = "<group>"; };
		9B6D932B1F748D6700CAECE7 /* Assets.xcassets */ = {isa = PBXFileReference; lastKnownFileType = folder.assetcatalog; path = Assets.xcassets; sourceTree = "<group>"; };
		9B6D932E1F748D6700CAECE7 /* Base */ = {isa = PBXFileReference; lastKnownFileType = file.storyboard; name = Base; path = Base.lproj/LaunchScreen.storyboard; sourceTree = "<group>"; };
		9B6D93301F748D6700CAECE7 /* Info.plist */ = {isa = PBXFileReference; lastKnownFileType = text.plist.xml; path = Info.plist; sourceTree = "<group>"; };
		9B6D93371F748F4100CAECE7 /* front.png */ = {isa = PBXFileReference; lastKnownFileType = image.png; name = front.png; path = images/front.png; sourceTree = "<group>"; };
		9B6D93381F748F4100CAECE7 /* panda.png */ = {isa = PBXFileReference; lastKnownFileType = image.png; name = panda.png; path = images/panda.png; sourceTree = "<group>"; };
		9B6D93391F748F4100CAECE7 /* penguin.png */ = {isa = PBXFileReference; lastKnownFileType = image.png; name = penguin.png; path = images/penguin.png; sourceTree = "<group>"; };
		9B6F442E1F7D61C400126194 /* icon_recommencer.png */ = {isa = PBXFileReference; lastKnownFileType = image.png; name = icon_recommencer.png; path = images/icon_recommencer.png; sourceTree = "<group>"; };
/* End PBXFileReference section */

/* Begin PBXFrameworksBuildPhase section */
		9B6D931E1F748D6700CAECE7 /* Frameworks */ = {
			isa = PBXFrameworksBuildPhase;
			buildActionMask = 2147483647;
			files = (
			);
			runOnlyForDeploymentPostprocessing = 0;
		};
/* End PBXFrameworksBuildPhase section */

/* Begin PBXGroup section */
		9B6D93181F748D6700CAECE7 = {
			isa = PBXGroup;
			children = (
				9B6D93231F748D6700CAECE7 /* LesPetitsAnimaux */,
				9B6D93221F748D6700CAECE7 /* Products */,
			);
			sourceTree = "<group>";
		};
		9B6D93221F748D6700CAECE7 /* Products */ = {
			isa = PBXGroup;
			children = (
				9B6D93211F748D6700CAECE7 /* LesPetitsAnimaux.app */,
			);
			name = Products;
			sourceTree = "<group>";
		};
		9B6D93231F748D6700CAECE7 /* LesPetitsAnimaux */ = {
			isa = PBXGroup;
			children = (
				9B6D93361F748F0900CAECE7 /* Images */,
				9B6D93241F748D6700CAECE7 /* AppDelegate.swift */,
				9B6D93261F748D6700CAECE7 /* ViewController.swift */,
				9B6D93281F748D6700CAECE7 /* Main.storyboard */,
				9B6D932B1F748D6700CAECE7 /* Assets.xcassets */,
				9B6D932D1F748D6700CAECE7 /* LaunchScreen.storyboard */,
				9B6D93301F748D6700CAECE7 /* Info.plist */,
			);
			path = LesPetitsAnimaux;
			sourceTree = "<group>";
		};
		9B6D93361F748F0900CAECE7 /* Images */ = {
			isa = PBXGroup;
			children = (
				9B6D2F081F82CA08002ADE60 /* logo.png */,
				9B6D2F001F801A22002ADE60 /* background1.png */,
				9B6D2F011F801A22002ADE60 /* background2.png */,
				9B6D2F021F801A22002ADE60 /* background3.png */,
				9B6D2F031F801A22002ADE60 /* background4.png */,
				9B6F442E1F7D61C400126194 /* icon_recommencer.png */,
				9B0F1D461F76D980001FAB19 /* animaux_forest.png */,
				9B0F1D361F76BC97001FAB19 /* cerf.png */,
				9B0F1D371F76BC97001FAB19 /* eccureil.png */,
				9B0F1D381F76BC97001FAB19 /* hibou.png */,
				9B0F1D391F76BC97001FAB19 /* ours.png */,
				9B0F1D3A1F76BC97001FAB19 /* raton laveur.png */,
				9B0F1D3B1F76BC97001FAB19 /* renard.png */,
				9B6D93371F748F4100CAECE7 /* front.png */,
				9B6D93381F748F4100CAECE7 /* panda.png */,
				9B6D93391F748F4100CAECE7 /* penguin.png */,
			);
			name = Images;
			sourceTree = "<group>";
		};
/* End PBXGroup section */

/* Begin PBXNativeTarget section */
		9B6D93201F748D6700CAECE7 /* LesPetitsAnimaux */ = {
			isa = PBXNativeTarget;
			buildConfigurationList = 9B6D93331F748D6700CAECE7 /* Build configuration list for PBXNativeTarget "LesPetitsAnimaux" */;
			buildPhases = (
				9B6D931D1F748D6700CAECE7 /* Sources */,
				9B6D931E1F748D6700CAECE7 /* Frameworks */,
				9B6D931F1F748D6700CAECE7 /* Resources */,
			);
			buildRules = (
			);
			dependencies = (
			);
			name = LesPetitsAnimaux;
			productName = LesPetitsAnimaux;
			productReference = 9B6D93211F748D6700CAECE7 /* LesPetitsAnimaux.app */;
			productType = "com.apple.product-type.application";
		};
/* End PBXNativeTarget section */

/* Begin PBXProject section */
		9B6D93191F748D6700CAECE7 /* Project object */ = {
			isa = PBXProject;
			attributes = {
				LastSwiftUpdateCheck = 0820;
				LastUpgradeCheck = 0820;
				ORGANIZATIONNAME = eleves;
				TargetAttributes = {
					9B6D93201F748D6700CAECE7 = {
						CreatedOnToolsVersion = 8.2;
						ProvisioningStyle = Automatic;
					};
				};
			};
			buildConfigurationList = 9B6D931C1F748D6700CAECE7 /* Build configuration list for PBXProject "LesPetitsAnimaux" */;
			compatibilityVersion = "Xcode 3.2";
			developmentRegion = English;
			hasScannedForEncodings = 0;
			knownRegions = (
				en,
				Base,
			);
			mainGroup = 9B6D93181F748D6700CAECE7;
			productRefGroup = 9B6D93221F748D6700CAECE7 /* Products */;
			projectDirPath = "";
			projectRoot = "";
			targets = (
				9B6D93201F748D6700CAECE7 /* LesPetitsAnimaux */,
			);
		};
/* End PBXProject section */

/* Begin PBXResourcesBuildPhase section */
		9B6D931F1F748D6700CAECE7 /* Resources */ = {
			isa = PBXResourcesBuildPhase;
			buildActionMask = 2147483647;
			files = (
				9B6D933C1F748F4100CAECE7 /* penguin.png in Resources */,
				9B0F1D3E1F76BC97001FAB19 /* hibou.png in Resources */,
				9B0F1D3C1F76BC97001FAB19 /* cerf.png in Resources */,
				9B6D933B1F748F4100CAECE7 /* panda.png in Resources */,
				9B6D2F051F801A22002ADE60 /* background2.png in Resources */,
				9B0F1D3D1F76BC97001FAB19 /* eccureil.png in Resources */,
				9B6D932F1F748D6700CAECE7 /* LaunchScreen.storyboard in Resources */,
				9B0F1D3F1F76BC97001FAB19 /* ours.png in Resources */,
				9B6D2F061F801A22002ADE60 /* background3.png in Resources */,
				9B6D933A1F748F4100CAECE7 /* front.png in Resources */,
				9B6D2F071F801A22002ADE60 /* background4.png in Resources */,
				9B6D932C1F748D6700CAECE7 /* Assets.xcassets in Resources */,
				9B6D2F091F82CA08002ADE60 /* logo.png in Resources */,
				9B0F1D471F76D980001FAB19 /* animaux_forest.png in Resources */,
				9B0F1D411F76BC97001FAB19 /* renard.png in Resources */,
				9B6F442F1F7D61C400126194 /* icon_recommencer.png in Resources */,
				9B6D932A1F748D6700CAECE7 /* Main.storyboard in Resources */,
				9B6D2F041F801A22002ADE60 /* background1.png in Resources */,
				9B0F1D401F76BC97001FAB19 /* raton laveur.png in Resources */,
			);
			runOnlyForDeploymentPostprocessing = 0;
		};
/* End PBXResourcesBuildPhase section */

/* Begin PBXSourcesBuildPhase section */
		9B6D931D1F748D6700CAECE7 /* Sources */ = {
			isa = PBXSourcesBuildPhase;
			buildActionMask = 2147483647;
			files = (
				9B6D93271F748D6700CAECE7 /* ViewController.swift in Sources */,
				9B6D93251F748D6700CAECE7 /* AppDelegate.swift in Sources */,
			);
			runOnlyForDeploymentPostprocessing = 0;
		};
/* End PBXSourcesBuildPhase section */

/* Begin PBXVariantGroup section */
		9B6D93281F748D6700CAECE7 /* Main.storyboard */ = {
			isa = PBXVariantGroup;
			children = (
				9B6D93291F748D6700CAECE7 /* Base */,
			);
			name = Main.storyboard;
			sourceTree = "<group>";
		};
		9B6D932D1F748D6700CAECE7 /* LaunchScreen.storyboard */ = {
			isa = PBXVariantGroup;
			children = (
				9B6D932E1F748D6700CAECE7 /* Base */,
			);
			name = LaunchScreen.storyboard;
			sourceTree = "<group>";
		};
/* End PBXVariantGroup section */

/* Begin XCBuildConfiguration section */
		9B6D93311F748D6700CAECE7 /* Debug */ = {
			isa = XCBuildConfiguration;
			buildSettings = {
				ALWAYS_SEARCH_USER_PATHS = NO;
				CLANG_ANALYZER_NONNULL = YES;
				CLANG_CXX_LANGUAGE_STANDARD = "gnu++0x";
				CLANG_CXX_LIBRARY = "libc++";
				CLANG_ENABLE_MODULES = YES;
				CLANG_ENABLE_OBJC_ARC = YES;
				CLANG_WARN_BOOL_CONVERSION = YES;
				CLANG_WARN_CONSTANT_CONVERSION = YES;
				CLANG_WARN_DIRECT_OBJC_ISA_USAGE = YES_ERROR;
				CLANG_WARN_DOCUMENTATION_COMMENTS = YES;
				CLANG_WARN_EMPTY_BODY = YES;
				CLANG_WARN_ENUM_CONVERSION = YES;
				CLANG_WARN_INFINITE_RECURSION = YES;
				CLANG_WARN_INT_CONVERSION = YES;
				CLANG_WARN_OBJC_ROOT_CLASS = YES_ERROR;
				CLANG_WARN_SUSPICIOUS_MOVE = YES;
				CLANG_WARN_UNREACHABLE_CODE = YES;
				CLANG_WARN__DUPLICATE_METHOD_MATCH = YES;
				"CODE_SIGN_IDENTITY[sdk=iphoneos*]" = "iPhone Developer";
				COPY_PHASE_STRIP = NO;
				DEBUG_INFORMATION_FORMAT = dwarf;
				ENABLE_STRICT_OBJC_MSGSEND = YES;
				ENABLE_TESTABILITY = YES;
				GCC_C_LANGUAGE_STANDARD = gnu99;
				GCC_DYNAMIC_NO_PIC = NO;
				GCC_NO_COMMON_BLOCKS = YES;
				GCC_OPTIMIZATION_LEVEL = 0;
				GCC_PREPROCESSOR_DEFINITIONS = (
					"DEBUG=1",
					"$(inherited)",
				);
				GCC_WARN_64_TO_32_BIT_CONVERSION = YES;
				GCC_WARN_ABOUT_RETURN_TYPE = YES_ERROR;
				GCC_WARN_UNDECLARED_SELECTOR = YES;
				GCC_WARN_UNINITIALIZED_AUTOS = YES_AGGRESSIVE;
				GCC_WARN_UNUSED_FUNCTION = YES;
				GCC_WARN_UNUSED_VARIABLE = YES;
				IPHONEOS_DEPLOYMENT_TARGET = 10.2;
				MTL_ENABLE_DEBUG_INFO = YES;
				ONLY_ACTIVE_ARCH = YES;
				SDKROOT = iphoneos;
				SWIFT_ACTIVE_COMPILATION_CONDITIONS = DEBUG;
				SWIFT_OPTIMIZATION_LEVEL = "-Onone";
				TARGETED_DEVICE_FAMILY = "1,2";
			};
			name = Debug;
		};
		9B6D93321F748D6700CAECE7 /* Release */ = {
			isa = XCBuildConfiguration;
			buildSettings = {
				ALWAYS_SEARCH_USER_PATHS = NO;
				CLANG_ANALYZER_NONNULL = YES;
				CLANG_CXX_LANGUAGE_STANDARD = "gnu++0x";
				CLANG_CXX_LIBRARY = "libc++";
				CLANG_ENABLE_MODULES = YES;
				CLANG_ENABLE_OBJC_ARC = YES;
				CLANG_WARN_BOOL_CONVERSION = YES;
				CLANG_WARN_CONSTANT_CONVERSION = YES;
				CLANG_WARN_DIRECT_OBJC_ISA_USAGE = YES_ERROR;
				CLANG_WARN_DOCUMENTATION_COMMENTS = YES;
				CLANG_WARN_EMPTY_BODY = YES;
				CLANG_WARN_ENUM_CONVERSION = YES;
				CLANG_WARN_INFINITE_RECURSION = YES;
				CLANG_WARN_INT_CONVERSION = YES;
				CLANG_WARN_OBJC_ROOT_CLASS = YES_ERROR;
				CLANG_WARN_SUSPICIOUS_MOVE = YES;
				CLANG_WARN_UNREACHABLE_CODE = YES;
				CLANG_WARN__DUPLICATE_METHOD_MATCH = YES;
				"CODE_SIGN_IDENTITY[sdk=iphoneos*]" = "iPhone Developer";
				COPY_PHASE_STRIP = NO;
				DEBUG_INFORMATION_FORMAT = "dwarf-with-dsym";
				ENABLE_NS_ASSERTIONS = NO;
				ENABLE_STRICT_OBJC_MSGSEND = YES;
				GCC_C_LANGUAGE_STANDARD = gnu99;
				GCC_NO_COMMON_BLOCKS = YES;
				GCC_WARN_64_TO_32_BIT_CONVERSION = YES;
				GCC_WARN_ABOUT_RETURN_TYPE = YES_ERROR;
				GCC_WARN_UNDECLARED_SELECTOR = YES;
				GCC_WARN_UNINITIALIZED_AUTOS = YES_AGGRESSIVE;
				GCC_WARN_UNUSED_FUNCTION = YES;
				GCC_WARN_UNUSED_VARIABLE = YES;
				IPHONEOS_DEPLOYMENT_TARGET = 10.2;
				MTL_ENABLE_DEBUG_INFO = NO;
				SDKROOT = iphoneos;
				SWIFT_OPTIMIZATION_LEVEL = "-Owholemodule";
				TARGETED_DEVICE_FAMILY = "1,2";
				VALIDATE_PRODUCT = YES;
			};
			name = Release;
		};
		9B6D93341F748D6700CAECE7 /* Debug */ = {
			isa = XCBuildConfiguration;
			buildSettings = {
				ASSETCATALOG_COMPILER_APPICON_NAME = AppIcon;
				INFOPLIST_FILE = LesPetitsAnimaux/Info.plist;
				LD_RUNPATH_SEARCH_PATHS = "$(inherited) @executable_path/Frameworks";
				PRODUCT_BUNDLE_IDENTIFIER = com.bileu.LesPetitsAnimaux;
				PRODUCT_NAME = "$(TARGET_NAME)";
				SWIFT_VERSION = 3.0;
			};
			name = Debug;
		};
		9B6D93351F748D6700CAECE7 /* Release */ = {
			isa = XCBuildConfiguration;
			buildSettings = {
				ASSETCATALOG_COMPILER_APPICON_NAME = AppIcon;
				INFOPLIST_FILE = LesPetitsAnimaux/Info.plist;
				LD_RUNPATH_SEARCH_PATHS = "$(inherited) @executable_path/Frameworks";
				PRODUCT_BUNDLE_IDENTIFIER = com.bileu.LesPetitsAnimaux;
				PRODUCT_NAME = "$(TARGET_NAME)";
				SWIFT_VERSION = 3.0;
			};
			name = Release;
		};
/* End XCBuildConfiguration section */

/* Begin XCConfigurationList section */
		9B6D931C1F748D6700CAECE7 /* Build configuration list for PBXProject "LesPetitsAnimaux" */ = {
			isa = XCConfigurationList;
			buildConfigurations = (
				9B6D93311F748D6700CAECE7 /* Debug */,
				9B6D93321F748D6700CAECE7 /* Release */,
			);
			defaultConfigurationIsVisible = 0;
			defaultConfigurationName = Release;
		};
		9B6D93331F748D6700CAECE7 /* Build configuration list for PBXNativeTarget "LesPetitsAnimaux" */ = {
			isa = XCConfigurationList;
			buildConfigurations = (
				9B6D93341F748D6700CAECE7 /* Debug */,
				9B6D93351F748D6700CAECE7 /* Release */,
			);
			defaultConfigurationIsVisible = 0;
			defaultConfigurationName = Release;
		};
/* End XCConfigurationList section */
	};
	rootObject = 9B6D93191F748D6700CAECE7 /* Project object */;
}
