// !$*UTF8*$!
{
	archiveVersion = 1;
	classes = {
	};
	objectVersion = 46;
	objects = {

/* Begin PBXBuildFile section */
		9B0F1D3C1F76BC97001FAB19 /* cerf.png in Resources */ = {isa = PBXBuildFile; fileRef = 9B0F1D361F76BC97001FAB19 /* cerf.png */; };
		9B0F1D3D1F76BC97001FAB19 /* eccureil.png in Resources */ = {isa = PBXBuildFile; fileRef = 9B0F1D371F76BC97001FAB19 /* eccureil.png */; };
		9B0F1D3E1F76BC97001FAB19 /* hibou.png in Resources */ = {isa = PBXBuildFile; fileRef = 9B0F1D381F76BC97001FAB19 /* hibou.png */; };
		9B0F1D3F1F76BC97001FAB19 /* ours.png in Resources */ = {isa = PBXBuildFile; fileRef = 9B0F1D391F76BC97001FAB19 /* ours.png */; };
		9B0F1D401F76BC97001FAB19 /* raton laveur.png in Resources */ = {isa = PBXBuildFile; fileRef = 9B0F1D3A1F76BC97001FAB19 /* raton laveur.png */; };
		9B0F1D411F76BC97001FAB19 /* renard.png in Resources */ = {isa = PBXBuildFile; fileRef = 9B0F1D3B1F76BC97001FAB19 /* renard.png */; };
		9B0F1D471F76D980001FAB19 /* animaux_forest.png in Resources */ = {isa = PBXBuildFile; fileRef = 9B0F1D461F76D980001FAB19 /* animaux_forest.png */; };
		9B1E39EF1F85BBCB002CDD05 /* background5.png in Resources */ = {isa = PBXBuildFile; fileRef = 9B1E39EE1F85BBCB002CDD05 /* background5.png */; };
		9B1E39F11F85BEA5002CDD05 /* launch-screen_ou-sont-mes-paire.png in Resources */ = {isa = PBXBuildFile; fileRef = 9B1E39F01F85BEA5002CDD05 /* launch-screen_ou-sont-mes-paire.png */; };
		9B6D2F091F82CA08002ADE60 /* logo.png in Resources */ = {isa = PBXBuildFile; fileRef = 9B6D2F081F82CA08002ADE60 /* logo.png */; };
		9B6D93251F748D6700CAECE7 /* AppDelegate.swift in Sources */ = {isa = PBXBuildFile; fileRef = 9B6D93241F748D6700CAECE7 /* AppDelegate.swift */; };
		9B6D93271F748D6700CAECE7 /* ViewController.swift in Sources */ = {isa = PBXBuildFile; fileRef = 9B6D93261F748D6700CAECE7 /* ViewController.swift */; };
		9B6D932A1F748D6700CAECE7 /* Main.storyboard in Resources */ = {isa = PBXBuildFile; fileRef = 9B6D93281F748D6700CAECE7 /* Main.storyboard */; };
		9B6D932C1F748D6700CAECE7 /* Assets.xcassets in Resources */ = {isa = PBXBuildFile; fileRef = 9B6D932B1F748D6700CAECE7 /* Assets.xcassets */; };
		9B6D932F1F748D6700CAECE7 /* LaunchScreen.storyboard in Resources */ = {isa = PBXBuildFile; fileRef = 9B6D932D1F748D6700CAECE7 /* LaunchScreen.storyboard */; };
		9B6F442F1F7D61C400126194 /* icon_recommencer.png in Resources */ = {isa = PBXBuildFile; fileRef = 9B6F442E1F7D61C400126194 /* icon_recommencer.png */; };
		9BDFB73E1F846668004A7297 /* Icon-16.png in Resources */ = {isa = PBXBuildFile; fileRef = 9BDFB7201F846668004A7297 /* Icon-16.png */; };
		9BDFB73F1F846668004A7297 /* Icon-20.png in Resources */ = {isa = PBXBuildFile; fileRef = 9BDFB7211F846668004A7297 /* Icon-20.png */; };
		9BDFB7401F846668004A7297 /* Icon-29.png in Resources */ = {isa = PBXBuildFile; fileRef = 9BDFB7221F846668004A7297 /* Icon-29.png */; };
		9BDFB7411F846668004A7297 /* Icon-32.png in Resources */ = {isa = PBXBuildFile; fileRef = 9BDFB7231F846668004A7297 /* Icon-32.png */; };
		9BDFB7421F846668004A7297 /* Icon-40.png in Resources */ = {isa = PBXBuildFile; fileRef = 9BDFB7241F846668004A7297 /* Icon-40.png */; };
		9BDFB7431F846668004A7297 /* Icon-48.png in Resources */ = {isa = PBXBuildFile; fileRef = 9BDFB7251F846668004A7297 /* Icon-48.png */; };
		9BDFB7441F846668004A7297 /* Icon-50.png in Resources */ = {isa = PBXBuildFile; fileRef = 9BDFB7261F846668004A7297 /* Icon-50.png */; };
		9BDFB7451F846668004A7297 /* Icon-55.png in Resources */ = {isa = PBXBuildFile; fileRef = 9BDFB7271F846668004A7297 /* Icon-55.png */; };
		9BDFB7461F846668004A7297 /* Icon-57.png in Resources */ = {isa = PBXBuildFile; fileRef = 9BDFB7281F846668004A7297 /* Icon-57.png */; };
		9BDFB7471F846668004A7297 /* Icon-58.png in Resources */ = {isa = PBXBuildFile; fileRef = 9BDFB7291F846668004A7297 /* Icon-58.png */; };
		9BDFB7481F846668004A7297 /* Icon-60.png in Resources */ = {isa = PBXBuildFile; fileRef = 9BDFB72A1F846668004A7297 /* Icon-60.png */; };
		9BDFB7491F846668004A7297 /* Icon-64.png in Resources */ = {isa = PBXBuildFile; fileRef = 9BDFB72B1F846668004A7297 /* Icon-64.png */; };
		9BDFB74A1F846668004A7297 /* Icon-72.png in Resources */ = {isa = PBXBuildFile; fileRef = 9BDFB72C1F846668004A7297 /* Icon-72.png */; };
		9BDFB74B1F846668004A7297 /* Icon-76.png in Resources */ = {isa = PBXBuildFile; fileRef = 9BDFB72D1F846668004A7297 /* Icon-76.png */; };
		9BDFB74C1F846668004A7297 /* Icon-80.png in Resources */ = {isa = PBXBuildFile; fileRef = 9BDFB72E1F846668004A7297 /* Icon-80.png */; };
		9BDFB74D1F846668004A7297 /* Icon-87.png in Resources */ = {isa = PBXBuildFile; fileRef = 9BDFB72F1F846668004A7297 /* Icon-87.png */; };
		9BDFB74E1F846668004A7297 /* Icon-88.png in Resources */ = {isa = PBXBuildFile; fileRef = 9BDFB7301F846668004A7297 /* Icon-88.png */; };
		9BDFB74F1F846668004A7297 /* Icon-100.png in Resources */ = {isa = PBXBuildFile; fileRef = 9BDFB7311F846668004A7297 /* Icon-100.png */; };
		9BDFB7501F846668004A7297 /* Icon-114.png in Resources */ = {isa = PBXBuildFile; fileRef = 9BDFB7321F846668004A7297 /* Icon-114.png */; };
		9BDFB7511F846668004A7297 /* Icon-120.png in Resources */ = {isa = PBXBuildFile; fileRef = 9BDFB7331F846668004A7297 /* Icon-120.png */; };
		9BDFB7521F846668004A7297 /* Icon-128.png in Resources */ = {isa = PBXBuildFile; fileRef = 9BDFB7341F846668004A7297 /* Icon-128.png */; };
		9BDFB7531F846668004A7297 /* Icon-144.png in Resources */ = {isa = PBXBuildFile; fileRef = 9BDFB7351F846668004A7297 /* Icon-144.png */; };
		9BDFB7541F846668004A7297 /* Icon-152.png in Resources */ = {isa = PBXBuildFile; fileRef = 9BDFB7361F846668004A7297 /* Icon-152.png */; };
		9BDFB7551F846668004A7297 /* Icon-167.png in Resources */ = {isa = PBXBuildFile; fileRef = 9BDFB7371F846668004A7297 /* Icon-167.png */; };
		9BDFB7561F846668004A7297 /* Icon-172.png in Resources */ = {isa = PBXBuildFile; fileRef = 9BDFB7381F846668004A7297 /* Icon-172.png */; };
		9BDFB7571F846668004A7297 /* Icon-180.png in Resources */ = {isa = PBXBuildFile; fileRef = 9BDFB7391F846668004A7297 /* Icon-180.png */; };
		9BDFB7581F846668004A7297 /* Icon-196.png in Resources */ = {isa = PBXBuildFile; fileRef = 9BDFB73A1F846668004A7297 /* Icon-196.png */; };
		9BDFB7591F846668004A7297 /* Icon-256.png in Resources */ = {isa = PBXBuildFile; fileRef = 9BDFB73B1F846668004A7297 /* Icon-256.png */; };
		9BDFB75A1F846668004A7297 /* Icon-512.png in Resources */ = {isa = PBXBuildFile; fileRef = 9BDFB73C1F846668004A7297 /* Icon-512.png */; };
		9BDFB75B1F846668004A7297 /* Icon-1024.png in Resources */ = {isa = PBXBuildFile; fileRef = 9BDFB73D1F846668004A7297 /* Icon-1024.png */; };
/* End PBXBuildFile section */

/* Begin PBXFileReference section */
		9B0F1D361F76BC97001FAB19 /* cerf.png */ = {isa = PBXFileReference; lastKnownFileType = image.png; name = cerf.png; path = images/cerf.png; sourceTree = "<group>"; };
		9B0F1D371F76BC97001FAB19 /* eccureil.png */ = {isa = PBXFileReference; lastKnownFileType = image.png; name = eccureil.png; path = images/eccureil.png; sourceTree = "<group>"; };
		9B0F1D381F76BC97001FAB19 /* hibou.png */ = {isa = PBXFileReference; lastKnownFileType = image.png; name = hibou.png; path = images/hibou.png; sourceTree = "<group>"; };
		9B0F1D391F76BC97001FAB19 /* ours.png */ = {isa = PBXFileReference; lastKnownFileType = image.png; name = ours.png; path = images/ours.png; sourceTree = "<group>"; };
		9B0F1D3A1F76BC97001FAB19 /* raton laveur.png */ = {isa = PBXFileReference; lastKnownFileType = image.png; name = "raton laveur.png"; path = "images/raton laveur.png"; sourceTree = "<group>"; };
		9B0F1D3B1F76BC97001FAB19 /* renard.png */ = {isa = PBXFileReference; lastKnownFileType = image.png; name = renard.png; path = images/renard.png; sourceTree = "<group>"; };
		9B0F1D461F76D980001FAB19 /* animaux_forest.png */ = {isa = PBXFileReference; lastKnownFileType = image.png; name = animaux_forest.png; path = images/animaux_forest.png; sourceTree = "<group>"; };
		9B1E39EE1F85BBCB002CDD05 /* background5.png */ = {isa = PBXFileReference; lastKnownFileType = image.png; name = background5.png; path = images/background5.png; sourceTree = "<group>"; };
		9B1E39F01F85BEA5002CDD05 /* launch-screen_ou-sont-mes-paire.png */ = {isa = PBXFileReference; lastKnownFileType = image.png; name = "launch-screen_ou-sont-mes-paire.png"; path = "images/launch-screen_ou-sont-mes-paire.png"; sourceTree = "<group>"; };
		9B6D2F081F82CA08002ADE60 /* logo.png */ = {isa = PBXFileReference; lastKnownFileType = image.png; name = logo.png; path = images/logo.png; sourceTree = "<group>"; };
		9B6D93211F748D6700CAECE7 /* LesPetitsAnimaux.app */ = {isa = PBXFileReference; explicitFileType = wrapper.application; includeInIndex = 0; path = LesPetitsAnimaux.app; sourceTree = BUILT_PRODUCTS_DIR; };
		9B6D93241F748D6700CAECE7 /* AppDelegate.swift */ = {isa = PBXFileReference; lastKnownFileType = sourcecode.swift; path = AppDelegate.swift; sourceTree = "<group>"; };
		9B6D93261F748D6700CAECE7 /* ViewController.swift */ = {isa = PBXFileReference; lastKnownFileType = sourcecode.swift; path = ViewController.swift; sourceTree = "<group>"; };
		9B6D93291F748D6700CAECE7 /* Base */ = {isa = PBXFileReference; lastKnownFileType = file.storyboard; name = Base; path = Base.lproj/Main.storyboard; sourceTree = "<group>"; };
		9B6D932B1F748D6700CAECE7 /* Assets.xcassets */ = {isa = PBXFileReference; lastKnownFileType = folder.assetcatalog; path = Assets.xcassets; sourceTree = "<group>"; };
		9B6D932E1F748D6700CAECE7 /* Base */ = {isa = PBXFileReference; lastKnownFileType = file.storyboard; name = Base; path = Base.lproj/LaunchScreen.storyboard; sourceTree = "<group>"; };
		9B6D93301F748D6700CAECE7 /* Info.plist */ = {isa = PBXFileReference; lastKnownFileType = text.plist.xml; path = Info.plist; sourceTree = "<group>"; };
		9B6F442E1F7D61C400126194 /* icon_recommencer.png */ = {isa = PBXFileReference; lastKnownFileType = image.png; name = icon_recommencer.png; path = images/icon_recommencer.png; sourceTree = "<group>"; };
		9BDFB7201F846668004A7297 /* Icon-16.png */ = {isa = PBXFileReference; lastKnownFileType = image.png; name = "Icon-16.png"; path = "../../../TP2-JeuxMemoire v.4/_LesPetitsAnimaux copie/LesPetitsAnimaux/icon/appiconmaker.co_ios (1)/Icon-16.png"; sourceTree = "<group>"; };
		9BDFB7211F846668004A7297 /* Icon-20.png */ = {isa = PBXFileReference; lastKnownFileType = image.png; name = "Icon-20.png"; path = "../../../TP2-JeuxMemoire v.4/_LesPetitsAnimaux copie/LesPetitsAnimaux/icon/appiconmaker.co_ios (1)/Icon-20.png"; sourceTree = "<group>"; };
		9BDFB7221F846668004A7297 /* Icon-29.png */ = {isa = PBXFileReference; lastKnownFileType = image.png; name = "Icon-29.png"; path = "../../../TP2-JeuxMemoire v.4/_LesPetitsAnimaux copie/LesPetitsAnimaux/icon/appiconmaker.co_ios (1)/Icon-29.png"; sourceTree = "<group>"; };
		9BDFB7231F846668004A7297 /* Icon-32.png */ = {isa = PBXFileReference; lastKnownFileType = image.png; name = "Icon-32.png"; path = "../../../TP2-JeuxMemoire v.4/_LesPetitsAnimaux copie/LesPetitsAnimaux/icon/appiconmaker.co_ios (1)/Icon-32.png"; sourceTree = "<group>"; };
		9BDFB7241F846668004A7297 /* Icon-40.png */ = {isa = PBXFileReference; lastKnownFileType = image.png; name = "Icon-40.png"; path = "../../../TP2-JeuxMemoire v.4/_LesPetitsAnimaux copie/LesPetitsAnimaux/icon/appiconmaker.co_ios (1)/Icon-40.png"; sourceTree = "<group>"; };
		9BDFB7251F846668004A7297 /* Icon-48.png */ = {isa = PBXFileReference; lastKnownFileType = image.png; name = "Icon-48.png"; path = "../../../TP2-JeuxMemoire v.4/_LesPetitsAnimaux copie/LesPetitsAnimaux/icon/appiconmaker.co_ios (1)/Icon-48.png"; sourceTree = "<group>"; };
		9BDFB7261F846668004A7297 /* Icon-50.png */ = {isa = PBXFileReference; lastKnownFileType = image.png; name = "Icon-50.png"; path = "../../../TP2-JeuxMemoire v.4/_LesPetitsAnimaux copie/LesPetitsAnimaux/icon/appiconmaker.co_ios (1)/Icon-50.png"; sourceTree = "<group>"; };
		9BDFB7271F846668004A7297 /* Icon-55.png */ = {isa = PBXFileReference; lastKnownFileType = image.png; name = "Icon-55.png"; path = "../../../TP2-JeuxMemoire v.4/_LesPetitsAnimaux copie/LesPetitsAnimaux/icon/appiconmaker.co_ios (1)/Icon-55.png"; sourceTree = "<group>"; };
		9BDFB7281F846668004A7297 /* Icon-57.png */ = {isa = PBXFileReference; lastKnownFileType = image.png; name = "Icon-57.png"; path = "../../../TP2-JeuxMemoire v.4/_LesPetitsAnimaux copie/LesPetitsAnimaux/icon/appiconmaker.co_ios (1)/Icon-57.png"; sourceTree = "<group>"; };
		9BDFB7291F846668004A7297 /* Icon-58.png */ = {isa = PBXFileReference; lastKnownFileType = image.png; name = "Icon-58.png"; path = "../../../TP2-JeuxMemoire v.4/_LesPetitsAnimaux copie/LesPetitsAnimaux/icon/appiconmaker.co_ios (1)/Icon-58.png"; sourceTree = "<group>"; };
		9BDFB72A1F846668004A7297 /* Icon-60.png */ = {isa = PBXFileReference; lastKnownFileType = image.png; name = "Icon-60.png"; path = "../../../TP2-JeuxMemoire v.4/_LesPetitsAnimaux copie/LesPetitsAnimaux/icon/appiconmaker.co_ios (1)/Icon-60.png"; sourceTree = "<group>"; };
		9BDFB72B1F846668004A7297 /* Icon-64.png */ = {isa = PBXFileReference; lastKnownFileType = image.png; name = "Icon-64.png"; path = "../../../TP2-JeuxMemoire v.4/_LesPetitsAnimaux copie/LesPetitsAnimaux/icon/appiconmaker.co_ios (1)/Icon-64.png"; sourceTree = "<group>"; };
		9BDFB72C1F846668004A7297 /* Icon-72.png */ = {isa = PBXFileReference; lastKnownFileType = image.png; name = "Icon-72.png"; path = "../../../TP2-JeuxMemoire v.4/_LesPetitsAnimaux copie/LesPetitsAnimaux/icon/appiconmaker.co_ios (1)/Icon-72.png"; sourceTree = "<group>"; };
		9BDFB72D1F846668004A7297 /* Icon-76.png */ = {isa = PBXFileReference; lastKnownFileType = image.png; name = "Icon-76.png"; path = "../../../TP2-JeuxMemoire v.4/_LesPetitsAnimaux copie/LesPetitsAnimaux/icon/appiconmaker.co_ios (1)/Icon-76.png"; sourceTree = "<group>"; };
		9BDFB72E1F846668004A7297 /* Icon-80.png */ = {isa = PBXFileReference; lastKnownFileType = image.png; name = "Icon-80.png"; path = "../../../TP2-JeuxMemoire v.4/_LesPetitsAnimaux copie/LesPetitsAnimaux/icon/appiconmaker.co_ios (1)/Icon-80.png"; sourceTree = "<group>"; };
		9BDFB72F1F846668004A7297 /* Icon-87.png */ = {isa = PBXFileReference; lastKnownFileType = image.png; name = "Icon-87.png"; path = "../../../TP2-JeuxMemoire v.4/_LesPetitsAnimaux copie/LesPetitsAnimaux/icon/appiconmaker.co_ios (1)/Icon-87.png"; sourceTree = "<group>"; };
		9BDFB7301F846668004A7297 /* Icon-88.png */ = {isa = PBXFileReference; lastKnownFileType = image.png; name = "Icon-88.png"; path = "../../../TP2-JeuxMemoire v.4/_LesPetitsAnimaux copie/LesPetitsAnimaux/icon/appiconmaker.co_ios (1)/Icon-88.png"; sourceTree = "<group>"; };
		9BDFB7311F846668004A7297 /* Icon-100.png */ = {isa = PBXFileReference; lastKnownFileType = image.png; name = "Icon-100.png"; path = "../../../TP2-JeuxMemoire v.4/_LesPetitsAnimaux copie/LesPetitsAnimaux/icon/appiconmaker.co_ios (1)/Icon-100.png"; sourceTree = "<group>"; };
		9BDFB7321F846668004A7297 /* Icon-114.png */ = {isa = PBXFileReference; lastKnownFileType = image.png; name = "Icon-114.png"; path = "../../../TP2-JeuxMemoire v.4/_LesPetitsAnimaux copie/LesPetitsAnimaux/icon/appiconmaker.co_ios (1)/Icon-114.png"; sourceTree = "<group>"; };
		9BDFB7331F846668004A7297 /* Icon-120.png */ = {isa = PBXFileReference; lastKnownFileType = image.png; name = "Icon-120.png"; path = "../../../TP2-JeuxMemoire v.4/_LesPetitsAnimaux copie/LesPetitsAnimaux/icon/appiconmaker.co_ios (1)/Icon-120.png"; sourceTree = "<group>"; };
		9BDFB7341F846668004A7297 /* Icon-128.png */ = {isa = PBXFileReference; lastKnownFileType = image.png; name = "Icon-128.png"; path = "../../../TP2-JeuxMemoire v.4/_LesPetitsAnimaux copie/LesPetitsAnimaux/icon/appiconmaker.co_ios (1)/Icon-128.png"; sourceTree = "<group>"; };
		9BDFB7351F846668004A7297 /* Icon-144.png */ = {isa = PBXFileReference; lastKnownFileType = image.png; name = "Icon-144.png"; path = "../../../TP2-JeuxMemoire v.4/_LesPetitsAnimaux copie/LesPetitsAnimaux/icon/appiconmaker.co_ios (1)/Icon-144.png"; sourceTree = "<group>"; };
		9BDFB7361F846668004A7297 /* Icon-152.png */ = {isa = PBXFileReference; lastKnownFileType = image.png; name = "Icon-152.png"; path = "../../../TP2-JeuxMemoire v.4/_LesPetitsAnimaux copie/LesPetitsAnimaux/icon/appiconmaker.co_ios (1)/Icon-152.png"; sourceTree = "<group>"; };
		9BDFB7371F846668004A7297 /* Icon-167.png */ = {isa = PBXFileReference; lastKnownFileType = image.png; name = "Icon-167.png"; path = "../../../TP2-JeuxMemoire v.4/_LesPetitsAnimaux copie/LesPetitsAnimaux/icon/appiconmaker.co_ios (1)/Icon-167.png"; sourceTree = "<group>"; };
		9BDFB7381F846668004A7297 /* Icon-172.png */ = {isa = PBXFileReference; lastKnownFileType = image.png; name = "Icon-172.png"; path = "../../../TP2-JeuxMemoire v.4/_LesPetitsAnimaux copie/LesPetitsAnimaux/icon/appiconmaker.co_ios (1)/Icon-172.png"; sourceTree = "<group>"; };
		9BDFB7391F846668004A7297 /* Icon-180.png */ = {isa = PBXFileReference; lastKnownFileType = image.png; name = "Icon-180.png"; path = "../../../TP2-JeuxMemoire v.4/_LesPetitsAnimaux copie/LesPetitsAnimaux/icon/appiconmaker.co_ios (1)/Icon-180.png"; sourceTree = "<group>"; };
		9BDFB73A1F846668004A7297 /* Icon-196.png */ = {isa = PBXFileReference; lastKnownFileType = image.png; name = "Icon-196.png"; path = "../../../TP2-JeuxMemoire v.4/_LesPetitsAnimaux copie/LesPetitsAnimaux/icon/appiconmaker.co_ios (1)/Icon-196.png"; sourceTree = "<group>"; };
		9BDFB73B1F846668004A7297 /* Icon-256.png */ = {isa = PBXFileReference; lastKnownFileType = image.png; name = "Icon-256.png"; path = "../../../TP2-JeuxMemoire v.4/_LesPetitsAnimaux copie/LesPetitsAnimaux/icon/appiconmaker.co_ios (1)/Icon-256.png"; sourceTree = "<group>"; };
		9BDFB73C1F846668004A7297 /* Icon-512.png */ = {isa = PBXFileReference; lastKnownFileType = image.png; name = "Icon-512.png"; path = "../../../TP2-JeuxMemoire v.4/_LesPetitsAnimaux copie/LesPetitsAnimaux/icon/appiconmaker.co_ios (1)/Icon-512.png"; sourceTree = "<group>"; };
		9BDFB73D1F846668004A7297 /* Icon-1024.png */ = {isa = PBXFileReference; lastKnownFileType = image.png; name = "Icon-1024.png"; path = "../../../TP2-JeuxMemoire v.4/_LesPetitsAnimaux copie/LesPetitsAnimaux/icon/appiconmaker.co_ios (1)/Icon-1024.png"; sourceTree = "<group>"; };
/* End PBXFileReference section */

/* Begin PBXFrameworksBuildPhase section */
		9B6D931E1F748D6700CAECE7 /* Frameworks */ = {
			isa = PBXFrameworksBuildPhase;
			buildActionMask = 2147483647;
			files = (
			);
			runOnlyForDeploymentPostprocessing = 0;
		};
/* End PBXFrameworksBuildPhase section */

/* Begin PBXGroup section */
		9B6D93181F748D6700CAECE7 = {
			isa = PBXGroup;
			children = (
				9B6D93231F748D6700CAECE7 /* LesPetitsAnimaux */,
				9B6D93221F748D6700CAECE7 /* Products */,
			);
			sourceTree = "<group>";
		};
		9B6D93221F748D6700CAECE7 /* Products */ = {
			isa = PBXGroup;
			children = (
				9B6D93211F748D6700CAECE7 /* LesPetitsAnimaux.app */,
			);
			name = Products;
			sourceTree = "<group>";
		};
		9B6D93231F748D6700CAECE7 /* LesPetitsAnimaux */ = {
			isa = PBXGroup;
			children = (
				9BDFB6E31F846455004A7297 /* icons */,
				9B6D93361F748F0900CAECE7 /* Images */,
				9B6D93241F748D6700CAECE7 /* AppDelegate.swift */,
				9B6D93261F748D6700CAECE7 /* ViewController.swift */,
				9B6D93281F748D6700CAECE7 /* Main.storyboard */,
				9B6D932B1F748D6700CAECE7 /* Assets.xcassets */,
				9B6D932D1F748D6700CAECE7 /* LaunchScreen.storyboard */,
				9B6D93301F748D6700CAECE7 /* Info.plist */,
			);
			path = LesPetitsAnimaux;
			sourceTree = "<group>";
		};
		9B6D93361F748F0900CAECE7 /* Images */ = {
			isa = PBXGroup;
			children = (
				9B1E39F01F85BEA5002CDD05 /* launch-screen_ou-sont-mes-paire.png */,
				9B1E39EE1F85BBCB002CDD05 /* background5.png */,
				9B6D2F081F82CA08002ADE60 /* logo.png */,
				9B6F442E1F7D61C400126194 /* icon_recommencer.png */,
				9B0F1D461F76D980001FAB19 /* animaux_forest.png */,
				9B0F1D361F76BC97001FAB19 /* cerf.png */,
				9B0F1D371F76BC97001FAB19 /* eccureil.png */,
				9B0F1D381F76BC97001FAB19 /* hibou.png */,
				9B0F1D391F76BC97001FAB19 /* ours.png */,
				9B0F1D3A1F76BC97001FAB19 /* raton laveur.png */,
				9B0F1D3B1F76BC97001FAB19 /* renard.png */,
			);
			name = Images;
			sourceTree = "<group>";
		};
		9BDFB6E31F846455004A7297 /* icons */ = {
			isa = PBXGroup;
			children = (
				9BDFB7201F846668004A7297 /* Icon-16.png */,
				9BDFB7221F846668004A7297 /* Icon-29.png */,
				9BDFB7211F846668004A7297 /* Icon-20.png */,
				9BDFB7231F846668004A7297 /* Icon-32.png */,
				9BDFB7241F846668004A7297 /* Icon-40.png */,
				9BDFB7251F846668004A7297 /* Icon-48.png */,
				9BDFB7261F846668004A7297 /* Icon-50.png */,
				9BDFB7271F846668004A7297 /* Icon-55.png */,
				9BDFB7281F846668004A7297 /* Icon-57.png */,
				9BDFB7291F846668004A7297 /* Icon-58.png */,
				9BDFB72A1F846668004A7297 /* Icon-60.png */,
				9BDFB72B1F846668004A7297 /* Icon-64.png */,
				9BDFB72C1F846668004A7297 /* Icon-72.png */,
				9BDFB72D1F846668004A7297 /* Icon-76.png */,
				9BDFB72E1F846668004A7297 /* Icon-80.png */,
				9BDFB72F1F846668004A7297 /* Icon-87.png */,
				9BDFB7301F846668004A7297 /* Icon-88.png */,
				9BDFB7311F846668004A7297 /* Icon-100.png */,
				9BDFB7321F846668004A7297 /* Icon-114.png */,
				9BDFB7331F846668004A7297 /* Icon-120.png */,
				9BDFB7341F846668004A7297 /* Icon-128.png */,
				9BDFB7351F846668004A7297 /* Icon-144.png */,
				9BDFB7361F846668004A7297 /* Icon-152.png */,
				9BDFB7371F846668004A7297 /* Icon-167.png */,
				9BDFB7381F846668004A7297 /* Icon-172.png */,
				9BDFB7391F846668004A7297 /* Icon-180.png */,
				9BDFB73A1F846668004A7297 /* Icon-196.png */,
				9BDFB73B1F846668004A7297 /* Icon-256.png */,
				9BDFB73C1F846668004A7297 /* Icon-512.png */,
				9BDFB73D1F846668004A7297 /* Icon-1024.png */,
			);
			name = icons;
			sourceTree = "<group>";
		};
/* End PBXGroup section */

/* Begin PBXNativeTarget section */
		9B6D93201F748D6700CAECE7 /* LesPetitsAnimaux */ = {
			isa = PBXNativeTarget;
			buildConfigurationList = 9B6D93331F748D6700CAECE7 /* Build configuration list for PBXNativeTarget "LesPetitsAnimaux" */;
			buildPhases = (
				9B6D931D1F748D6700CAECE7 /* Sources */,
				9B6D931E1F748D6700CAECE7 /* Frameworks */,
				9B6D931F1F748D6700CAECE7 /* Resources */,
			);
			buildRules = (
			);
			dependencies = (
			);
			name = LesPetitsAnimaux;
			productName = LesPetitsAnimaux;
			productReference = 9B6D93211F748D6700CAECE7 /* LesPetitsAnimaux.app */;
			productType = "com.apple.product-type.application";
		};
/* End PBXNativeTarget section */

/* Begin PBXProject section */
		9B6D93191F748D6700CAECE7 /* Project object */ = {
			isa = PBXProject;
			attributes = {
				LastSwiftUpdateCheck = 0820;
				LastUpgradeCheck = 0820;
				ORGANIZATIONNAME = eleves;
				TargetAttributes = {
					9B6D93201F748D6700CAECE7 = {
						CreatedOnToolsVersion = 8.2;
						ProvisioningStyle = Automatic;
					};
				};
			};
			buildConfigurationList = 9B6D931C1F748D6700CAECE7 /* Build configuration list for PBXProject "LesPetitsAnimaux" */;
			compatibilityVersion = "Xcode 3.2";
			developmentRegion = English;
			hasScannedForEncodings = 0;
			knownRegions = (
				en,
				Base,
			);
			mainGroup = 9B6D93181F748D6700CAECE7;
			productRefGroup = 9B6D93221F748D6700CAECE7 /* Products */;
			projectDirPath = "";
			projectRoot = "";
			targets = (
				9B6D93201F748D6700CAECE7 /* LesPetitsAnimaux */,
			);
		};
/* End PBXProject section */

/* Begin PBXResourcesBuildPhase section */
		9B6D931F1F748D6700CAECE7 /* Resources */ = {
			isa = PBXResourcesBuildPhase;
			buildActionMask = 2147483647;
			files = (
				9BDFB7581F846668004A7297 /* Icon-196.png in Resources */,
				9BDFB7441F846668004A7297 /* Icon-50.png in Resources */,
				9BDFB7491F846668004A7297 /* Icon-64.png in Resources */,
				9B0F1D3E1F76BC97001FAB19 /* hibou.png in Resources */,
				9B0F1D3C1F76BC97001FAB19 /* cerf.png in Resources */,
				9BDFB7461F846668004A7297 /* Icon-57.png in Resources */,
				9BDFB7551F846668004A7297 /* Icon-167.png in Resources */,
				9BDFB7521F846668004A7297 /* Icon-128.png in Resources */,
				9B0F1D3D1F76BC97001FAB19 /* eccureil.png in Resources */,
				9B6D932F1F748D6700CAECE7 /* LaunchScreen.storyboard in Resources */,
				9BDFB75A1F846668004A7297 /* Icon-512.png in Resources */,
				9B1E39F11F85BEA5002CDD05 /* launch-screen_ou-sont-mes-paire.png in Resources */,
				9BDFB7401F846668004A7297 /* Icon-29.png in Resources */,
				9BDFB75B1F846668004A7297 /* Icon-1024.png in Resources */,
				9BDFB7501F846668004A7297 /* Icon-114.png in Resources */,
				9BDFB7421F846668004A7297 /* Icon-40.png in Resources */,
				9B0F1D3F1F76BC97001FAB19 /* ours.png in Resources */,
				9BDFB73F1F846668004A7297 /* Icon-20.png in Resources */,
				9BDFB74D1F846668004A7297 /* Icon-87.png in Resources */,
				9BDFB74C1F846668004A7297 /* Icon-80.png in Resources */,
				9BDFB7451F846668004A7297 /* Icon-55.png in Resources */,
				9BDFB74B1F846668004A7297 /* Icon-76.png in Resources */,
				9BDFB7561F846668004A7297 /* Icon-172.png in Resources */,
				9B6D932C1F748D6700CAECE7 /* Assets.xcassets in Resources */,
				9B6D2F091F82CA08002ADE60 /* logo.png in Resources */,
				9BDFB7431F846668004A7297 /* Icon-48.png in Resources */,
				9BDFB7481F846668004A7297 /* Icon-60.png in Resources */,
				9BDFB7471F846668004A7297 /* Icon-58.png in Resources */,
				9B0F1D471F76D980001FAB19 /* animaux_forest.png in Resources */,
				9B0F1D411F76BC97001FAB19 /* renard.png in Resources */,
				9B6F442F1F7D61C400126194 /* icon_recommencer.png in Resources */,
				9BDFB74F1F846668004A7297 /* Icon-100.png in Resources */,
				9B6D932A1F748D6700CAECE7 /* Main.storyboard in Resources */,
				9B0F1D401F76BC97001FAB19 /* raton laveur.png in Resources */,
				9BDFB7511F846668004A7297 /* Icon-120.png in Resources */,
				9BDFB74E1F846668004A7297 /* Icon-88.png in Resources */,
				9BDFB7541F846668004A7297 /* Icon-152.png in Resources */,
				9BDFB7591F846668004A7297 /* Icon-256.png in Resources */,
				9BDFB7531F846668004A7297 /* Icon-144.png in Resources */,
				9BDFB74A1F846668004A7297 /* Icon-72.png in Resources */,
				9BDFB73E1F846668004A7297 /* Icon-16.png in Resources */,
				9BDFB7571F846668004A7297 /* Icon-180.png in Resources */,
				9BDFB7411F846668004A7297 /* Icon-32.png in Resources */,
				9B1E39EF1F85BBCB002CDD05 /* background5.png in Resources */,
			);
			runOnlyForDeploymentPostprocessing = 0;
		};
/* End PBXResourcesBuildPhase section */

/* Begin PBXSourcesBuildPhase section */
		9B6D931D1F748D6700CAECE7 /* Sources */ = {
			isa = PBXSourcesBuildPhase;
			buildActionMask = 2147483647;
			files = (
				9B6D93271F748D6700CAECE7 /* ViewController.swift in Sources */,
				9B6D93251F748D6700CAECE7 /* AppDelegate.swift in Sources */,
			);
			runOnlyForDeploymentPostprocessing = 0;
		};
/* End PBXSourcesBuildPhase section */

/* Begin PBXVariantGroup section */
		9B6D93281F748D6700CAECE7 /* Main.storyboard */ = {
			isa = PBXVariantGroup;
			children = (
				9B6D93291F748D6700CAECE7 /* Base */,
			);
			name = Main.storyboard;
			sourceTree = "<group>";
		};
		9B6D932D1F748D6700CAECE7 /* LaunchScreen.storyboard */ = {
			isa = PBXVariantGroup;
			children = (
				9B6D932E1F748D6700CAECE7 /* Base */,
			);
			name = LaunchScreen.storyboard;
			sourceTree = "<group>";
		};
/* End PBXVariantGroup section */

/* Begin XCBuildConfiguration section */
		9B6D93311F748D6700CAECE7 /* Debug */ = {
			isa = XCBuildConfiguration;
			buildSettings = {
				ALWAYS_SEARCH_USER_PATHS = NO;
				CLANG_ANALYZER_NONNULL = YES;
				CLANG_CXX_LANGUAGE_STANDARD = "gnu++0x";
				CLANG_CXX_LIBRARY = "libc++";
				CLANG_ENABLE_MODULES = YES;
				CLANG_ENABLE_OBJC_ARC = YES;
				CLANG_WARN_BOOL_CONVERSION = YES;
				CLANG_WARN_CONSTANT_CONVERSION = YES;
				CLANG_WARN_DIRECT_OBJC_ISA_USAGE = YES_ERROR;
				CLANG_WARN_DOCUMENTATION_COMMENTS = YES;
				CLANG_WARN_EMPTY_BODY = YES;
				CLANG_WARN_ENUM_CONVERSION = YES;
				CLANG_WARN_INFINITE_RECURSION = YES;
				CLANG_WARN_INT_CONVERSION = YES;
				CLANG_WARN_OBJC_ROOT_CLASS = YES_ERROR;
				CLANG_WARN_SUSPICIOUS_MOVE = YES;
				CLANG_WARN_UNREACHABLE_CODE = YES;
				CLANG_WARN__DUPLICATE_METHOD_MATCH = YES;
				"CODE_SIGN_IDENTITY[sdk=iphoneos*]" = "iPhone Developer";
				COPY_PHASE_STRIP = NO;
				DEBUG_INFORMATION_FORMAT = dwarf;
				ENABLE_STRICT_OBJC_MSGSEND = YES;
				ENABLE_TESTABILITY = YES;
				GCC_C_LANGUAGE_STANDARD = gnu99;
				GCC_DYNAMIC_NO_PIC = NO;
				GCC_NO_COMMON_BLOCKS = YES;
				GCC_OPTIMIZATION_LEVEL = 0;
				GCC_PREPROCESSOR_DEFINITIONS = (
					"DEBUG=1",
					"$(inherited)",
				);
				GCC_WARN_64_TO_32_BIT_CONVERSION = YES;
				GCC_WARN_ABOUT_RETURN_TYPE = YES_ERROR;
				GCC_WARN_UNDECLARED_SELECTOR = YES;
				GCC_WARN_UNINITIALIZED_AUTOS = YES_AGGRESSIVE;
				GCC_WARN_UNUSED_FUNCTION = YES;
				GCC_WARN_UNUSED_VARIABLE = YES;
				IPHONEOS_DEPLOYMENT_TARGET = 10.2;
				MTL_ENABLE_DEBUG_INFO = YES;
				ONLY_ACTIVE_ARCH = YES;
				SDKROOT = iphoneos;
				SWIFT_ACTIVE_COMPILATION_CONDITIONS = DEBUG;
				SWIFT_OPTIMIZATION_LEVEL = "-Onone";
				TARGETED_DEVICE_FAMILY = "1,2";
			};
			name = Debug;
		};
		9B6D93321F748D6700CAECE7 /* Release */ = {
			isa = XCBuildConfiguration;
			buildSettings = {
				ALWAYS_SEARCH_USER_PATHS = NO;
				CLANG_ANALYZER_NONNULL = YES;
				CLANG_CXX_LANGUAGE_STANDARD = "gnu++0x";
				CLANG_CXX_LIBRARY = "libc++";
				CLANG_ENABLE_MODULES = YES;
				CLANG_ENABLE_OBJC_ARC = YES;
				CLANG_WARN_BOOL_CONVERSION = YES;
				CLANG_WARN_CONSTANT_CONVERSION = YES;
				CLANG_WARN_DIRECT_OBJC_ISA_USAGE = YES_ERROR;
				CLANG_WARN_DOCUMENTATION_COMMENTS = YES;
				CLANG_WARN_EMPTY_BODY = YES;
				CLANG_WARN_ENUM_CONVERSION = YES;
				CLANG_WARN_INFINITE_RECURSION = YES;
				CLANG_WARN_INT_CONVERSION = YES;
				CLANG_WARN_OBJC_ROOT_CLASS = YES_ERROR;
				CLANG_WARN_SUSPICIOUS_MOVE = YES;
				CLANG_WARN_UNREACHABLE_CODE = YES;
				CLANG_WARN__DUPLICATE_METHOD_MATCH = YES;
				"CODE_SIGN_IDENTITY[sdk=iphoneos*]" = "iPhone Developer";
				COPY_PHASE_STRIP = NO;
				DEBUG_INFORMATION_FORMAT = "dwarf-with-dsym";
				ENABLE_NS_ASSERTIONS = NO;
				ENABLE_STRICT_OBJC_MSGSEND = YES;
				GCC_C_LANGUAGE_STANDARD = gnu99;
				GCC_NO_COMMON_BLOCKS = YES;
				GCC_WARN_64_TO_32_BIT_CONVERSION = YES;
				GCC_WARN_ABOUT_RETURN_TYPE = YES_ERROR;
				GCC_WARN_UNDECLARED_SELECTOR = YES;
				GCC_WARN_UNINITIALIZED_AUTOS = YES_AGGRESSIVE;
				GCC_WARN_UNUSED_FUNCTION = YES;
				GCC_WARN_UNUSED_VARIABLE = YES;
				IPHONEOS_DEPLOYMENT_TARGET = 10.2;
				MTL_ENABLE_DEBUG_INFO = NO;
				SDKROOT = iphoneos;
				SWIFT_OPTIMIZATION_LEVEL = "-Owholemodule";
				TARGETED_DEVICE_FAMILY = "1,2";
				VALIDATE_PRODUCT = YES;
			};
			name = Release;
		};
		9B6D93341F748D6700CAECE7 /* Debug */ = {
			isa = XCBuildConfiguration;
			buildSettings = {
				ASSETCATALOG_COMPILER_APPICON_NAME = AppIcon;
				INFOPLIST_FILE = LesPetitsAnimaux/Info.plist;
				LD_RUNPATH_SEARCH_PATHS = "$(inherited) @executable_path/Frameworks";
				PRODUCT_BUNDLE_IDENTIFIER = com.bileu.LesPetitsAnimaux;
				PRODUCT_NAME = "$(TARGET_NAME)";
				SWIFT_VERSION = 3.0;
			};
			name = Debug;
		};
		9B6D93351F748D6700CAECE7 /* Release */ = {
			isa = XCBuildConfiguration;
			buildSettings = {
				ASSETCATALOG_COMPILER_APPICON_NAME = AppIcon;
				INFOPLIST_FILE = LesPetitsAnimaux/Info.plist;
				LD_RUNPATH_SEARCH_PATHS = "$(inherited) @executable_path/Frameworks";
				PRODUCT_BUNDLE_IDENTIFIER = com.bileu.LesPetitsAnimaux;
				PRODUCT_NAME = "$(TARGET_NAME)";
				SWIFT_VERSION = 3.0;
			};
			name = Release;
		};
/* End XCBuildConfiguration section */

/* Begin XCConfigurationList section */
		9B6D931C1F748D6700CAECE7 /* Build configuration list for PBXProject "LesPetitsAnimaux" */ = {
			isa = XCConfigurationList;
			buildConfigurations = (
				9B6D93311F748D6700CAECE7 /* Debug */,
				9B6D93321F748D6700CAECE7 /* Release */,
			);
			defaultConfigurationIsVisible = 0;
			defaultConfigurationName = Release;
		};
		9B6D93331F748D6700CAECE7 /* Build configuration list for PBXNativeTarget "LesPetitsAnimaux" */ = {
			isa = XCConfigurationList;
			buildConfigurations = (
				9B6D93341F748D6700CAECE7 /* Debug */,
				9B6D93351F748D6700CAECE7 /* Release */,
			);
			defaultConfigurationIsVisible = 0;
			defaultConfigurationName = Release;
		};
/* End XCConfigurationList section */
	};
	rootObject = 9B6D93191F748D6700CAECE7 /* Project object */;
}
